
Microsoft Visual Studio Solution File, Format Version 12.00
# Visual Studio Version 17
VisualStudioVersion = 17.3.32922.545
MinimumVisualStudioVersion = 10.0.40219.1
Project("{FAE04EC0-301F-11D3-BF4B-00C04F79EFBC}") = "Лаб 2", "Лаб 2\Лаб 2.csproj", "{464FB52F-D499-4428-8749-CEEF20E55E7E}"
EndProject
Global
	GlobalSection(SolutionConfigurationPlatforms) = preSolution
		Debug|Any CPU = Debug|Any CPU
		Release|Any CPU = Release|Any CPU
	EndGlobalSection
	GlobalSection(ProjectConfigurationPlatforms) = postSolution
		{464FB52F-D499-4428-8749-CEEF20E55E7E}.Debug|Any CPU.ActiveCfg = Debug|Any CPU
		{464FB52F-D499-4428-8749-CEEF20E55E7E}.Debug|Any CPU.Build.0 = Debug|Any CPU
		{464FB52F-D499-4428-8749-CEEF20E55E7E}.Release|Any CPU.ActiveCfg = Release|Any CPU
		{464FB52F-D499-4428-8749-CEEF20E55E7E}.Release|Any CPU.Build.0 = Release|Any CPU
	EndGlobalSection
	GlobalSection(SolutionProperties) = preSolution
		HideSolutionNode = FALSE
	EndGlobalSection
	GlobalSection(ExtensibilityGlobals) = postSolution
		SolutionGuid = {EA47F65A-6587-4C16-91D0-FE343481109D}
	EndGlobalSection
EndGlobal
